
Microsoft Visual Studio Solution File, Format Version 12.00
# Visual Studio Version 17
VisualStudioVersion = 17.0.31903.59
MinimumVisualStudioVersion = 10.0.40219.1
Project("{FAE04EC0-301F-11D3-BF4B-00C04F79EFBC}") = "KcdMp.Client", "KcdMp.Client\KcdMp.Client.csproj", "{8D2C1A5F-E3B7-4D90-A8C6-2F9E5B4A7D1C}"
EndProject
Project("{FAE04EC0-301F-11D3-BF4B-00C04F79EFBC}") = "KcdMp.Server", "KcdMp.Server\KcdMp.Server.csproj", "{02F1B023-C994-427B-8CDB-7B191537E6F5}"
EndProject
Global
	GlobalSection(SolutionConfigurationPlatforms) = preSolution
		Debug|Any CPU = Debug|Any CPU
		Release|Any CPU = Release|Any CPU
	EndGlobalSection
	GlobalSection(ProjectConfigurationPlatforms) = postSolution
		{8D2C1A5F-E3B7-4D90-A8C6-2F9E5B4A7D1C}.Debug|Any CPU.ActiveCfg = Debug|Any CPU
		{8D2C1A5F-E3B7-4D90-A8C6-2F9E5B4A7D1C}.Debug|Any CPU.Build.0 = Debug|Any CPU
		{8D2C1A5F-E3B7-4D90-A8C6-2F9E5B4A7D1C}.Release|Any CPU.ActiveCfg = Release|Any CPU
		{8D2C1A5F-E3B7-4D90-A8C6-2F9E5B4A7D1C}.Release|Any CPU.Build.0 = Release|Any CPU
		{02F1B023-C994-427B-8CDB-7B191537E6F5}.Debug|Any CPU.ActiveCfg = Debug|Any CPU
		{02F1B023-C994-427B-8CDB-7B191537E6F5}.Debug|Any CPU.Build.0 = Debug|Any CPU
		{02F1B023-C994-427B-8CDB-7B191537E6F5}.Release|Any CPU.ActiveCfg = Release|Any CPU
		{02F1B023-C994-427B-8CDB-7B191537E6F5}.Release|Any CPU.Build.0 = Release|Any CPU
	EndGlobalSection
EndGlobal
